
Microsoft Visual Studio Solution File, Format Version 12.00
# Visual Studio Version 17
VisualStudioVersion = 17.9.34902.65
MinimumVisualStudioVersion = 10.0.40219.1
Project("{9A19103F-16F7-4668-BE54-9A1E7A4F7556}") = "PrintHero.UI", "PrintHero.UI\PrintHero.UI.csproj", "{0BAB7BC7-3C96-4B87-9F70-EA6594E4608E}"
EndProject
Project("{9A19103F-16F7-4668-BE54-9A1E7A4F7556}") = "PrintHero.Core", "PrintHero.Core\PrintHero.Core.csproj", "{42493406-9B6B-423C-A108-9D47B7C78964}"
EndProject
Project("{9A19103F-16F7-4668-BE54-9A1E7A4F7556}") = "PrintHero.Service", "PrintHero.Service\PrintHero.Service.csproj", "{DD22BAE9-7C19-4311-8244-3392036899CD}"
EndProject
Project("{930C7802-8A8C-48F9-8165-68863BCCD9DD}") = "PrintHero.MSI", "PrintHero.MSI\PrintHero.MSI.wixproj", "{F8F3B9D0-4B8E-4F9A-8F9A-8F9A8F9A8F9B}"
EndProject
Project("{930C7802-8A8C-48F9-8165-68863BCCD9DD}") = "PrintHero.Installer", "PrintHero.Installer\PrintHero.Installer.wixproj", "{0B6D2430-1AD8-4E46-B17B-D8F6E7DCADAB}"
EndProject
Global
	GlobalSection(SolutionConfigurationPlatforms) = preSolution
		Debug|Any CPU = Debug|Any CPU
		Debug|x86 = Debug|x86
		Release|Any CPU = Release|Any CPU
		Release|x86 = Release|x86
	EndGlobalSection
	GlobalSection(ProjectConfigurationPlatforms) = postSolution
		{0BAB7BC7-3C96-4B87-9F70-EA6594E4608E}.Debug|Any CPU.ActiveCfg = Debug|Any CPU
		{0BAB7BC7-3C96-4B87-9F70-EA6594E4608E}.Debug|Any CPU.Build.0 = Debug|Any CPU
		{0BAB7BC7-3C96-4B87-9F70-EA6594E4608E}.Debug|x86.ActiveCfg = Debug|Any CPU
		{0BAB7BC7-3C96-4B87-9F70-EA6594E4608E}.Debug|x86.Build.0 = Debug|Any CPU
		{0BAB7BC7-3C96-4B87-9F70-EA6594E4608E}.Release|Any CPU.ActiveCfg = Release|Any CPU
		{0BAB7BC7-3C96-4B87-9F70-EA6594E4608E}.Release|Any CPU.Build.0 = Release|Any CPU
		{0BAB7BC7-3C96-4B87-9F70-EA6594E4608E}.Release|x86.ActiveCfg = Release|Any CPU
		{0BAB7BC7-3C96-4B87-9F70-EA6594E4608E}.Release|x86.Build.0 = Release|Any CPU
		{42493406-9B6B-423C-A108-9D47B7C78964}.Debug|Any CPU.ActiveCfg = Debug|Any CPU
		{42493406-9B6B-423C-A108-9D47B7C78964}.Debug|Any CPU.Build.0 = Debug|Any CPU
		{42493406-9B6B-423C-A108-9D47B7C78964}.Debug|x86.ActiveCfg = Debug|Any CPU
		{42493406-9B6B-423C-A108-9D47B7C78964}.Debug|x86.Build.0 = Debug|Any CPU
		{42493406-9B6B-423C-A108-9D47B7C78964}.Release|Any CPU.ActiveCfg = Release|Any CPU
		{42493406-9B6B-423C-A108-9D47B7C78964}.Release|Any CPU.Build.0 = Release|Any CPU
		{42493406-9B6B-423C-A108-9D47B7C78964}.Release|x86.ActiveCfg = Release|Any CPU
		{42493406-9B6B-423C-A108-9D47B7C78964}.Release|x86.Build.0 = Release|Any CPU
		{DD22BAE9-7C19-4311-8244-3392036899CD}.Debug|Any CPU.ActiveCfg = Debug|Any CPU
		{DD22BAE9-7C19-4311-8244-3392036899CD}.Debug|Any CPU.Build.0 = Debug|Any CPU
		{DD22BAE9-7C19-4311-8244-3392036899CD}.Debug|x86.ActiveCfg = Debug|Any CPU
		{DD22BAE9-7C19-4311-8244-3392036899CD}.Debug|x86.Build.0 = Debug|Any CPU
		{DD22BAE9-7C19-4311-8244-3392036899CD}.Release|Any CPU.ActiveCfg = Release|Any CPU
		{DD22BAE9-7C19-4311-8244-3392036899CD}.Release|Any CPU.Build.0 = Release|Any CPU
		{DD22BAE9-7C19-4311-8244-3392036899CD}.Release|x86.ActiveCfg = Release|Any CPU
		{DD22BAE9-7C19-4311-8244-3392036899CD}.Release|x86.Build.0 = Release|Any CPU
		{F8F3B9D0-4B8E-4F9A-8F9A-8F9A8F9A8F9B}.Debug|Any CPU.ActiveCfg = Debug|x86
		{F8F3B9D0-4B8E-4F9A-8F9A-8F9A8F9A8F9B}.Debug|Any CPU.Build.0 = Debug|x86
		{F8F3B9D0-4B8E-4F9A-8F9A-8F9A8F9A8F9B}.Debug|x86.ActiveCfg = Debug|x86
		{F8F3B9D0-4B8E-4F9A-8F9A-8F9A8F9A8F9B}.Debug|x86.Build.0 = Debug|x86
		{F8F3B9D0-4B8E-4F9A-8F9A-8F9A8F9A8F9B}.Release|Any CPU.ActiveCfg = Release|x86
		{F8F3B9D0-4B8E-4F9A-8F9A-8F9A8F9A8F9B}.Release|Any CPU.Build.0 = Release|x86
		{F8F3B9D0-4B8E-4F9A-8F9A-8F9A8F9A8F9B}.Release|x86.ActiveCfg = Release|x86
		{F8F3B9D0-4B8E-4F9A-8F9A-8F9A8F9A8F9B}.Release|x86.Build.0 = Release|x86
		{0B6D2430-1AD8-4E46-B17B-D8F6E7DCADAB}.Debug|Any CPU.ActiveCfg = Debug|x86
		{0B6D2430-1AD8-4E46-B17B-D8F6E7DCADAB}.Debug|Any CPU.Build.0 = Debug|x86
		{0B6D2430-1AD8-4E46-B17B-D8F6E7DCADAB}.Debug|x86.ActiveCfg = Debug|x86
		{0B6D2430-1AD8-4E46-B17B-D8F6E7DCADAB}.Debug|x86.Build.0 = Debug|x86
		{0B6D2430-1AD8-4E46-B17B-D8F6E7DCADAB}.Release|Any CPU.ActiveCfg = Release|x86
		{0B6D2430-1AD8-4E46-B17B-D8F6E7DCADAB}.Release|Any CPU.Build.0 = Release|x86
		{0B6D2430-1AD8-4E46-B17B-D8F6E7DCADAB}.Release|x86.ActiveCfg = Release|x86
		{0B6D2430-1AD8-4E46-B17B-D8F6E7DCADAB}.Release|x86.Build.0 = Release|x86
		{B8F3B9D0-4B8E-4F9A-8F9A-8F9A8F9A8F9A}.Debug|Any CPU.ActiveCfg = Debug|x86
		{B8F3B9D0-4B8E-4F9A-8F9A-8F9A8F9A8F9A}.Debug|Any CPU.Build.0 = Debug|x86
		{B8F3B9D0-4B8E-4F9A-8F9A-8F9A8F9A8F9A}.Debug|x86.ActiveCfg = Debug|x86
		{B8F3B9D0-4B8E-4F9A-8F9A-8F9A8F9A8F9A}.Debug|x86.Build.0 = Debug|x86
		{B8F3B9D0-4B8E-4F9A-8F9A-8F9A8F9A8F9A}.Release|Any CPU.ActiveCfg = Release|x86
		{B8F3B9D0-4B8E-4F9A-8F9A-8F9A8F9A8F9A}.Release|Any CPU.Build.0 = Release|x86
		{B8F3B9D0-4B8E-4F9A-8F9A-8F9A8F9A8F9A}.Release|x86.ActiveCfg = Release|x86
		{B8F3B9D0-4B8E-4F9A-8F9A-8F9A8F9A8F9A}.Release|x86.Build.0 = Release|x86
	EndGlobalSection
	GlobalSection(SolutionProperties) = preSolution
		HideSolutionNode = FALSE
	EndGlobalSection
	GlobalSection(ExtensibilityGlobals) = postSolution
		SolutionGuid = {A32F1072-1425-43C8-9A07-6653B7153487}
	EndGlobalSection
EndGlobal
